
Microsoft Visual Studio Solution File, Format Version 12.00
# Visual Studio Version 16
VisualStudioVersion = 16.0.31402.337
MinimumVisualStudioVersion = 10.0.40219.1
Project("{FAE04EC0-301F-11D3-BF4B-00C04F79EFBC}") = "O2OUI", "O2OUI\O2OUI.csproj", "{173130C5-17C7-4B9F-B84A-FB3F9AF7F05A}"
EndProject
Global
	GlobalSection(SolutionConfigurationPlatforms) = preSolution
		Debug|Any CPU = Debug|Any CPU
		Release|Any CPU = Release|Any CPU
	EndGlobalSection
	GlobalSection(ProjectConfigurationPlatforms) = postSolution
		{173130C5-17C7-4B9F-B84A-FB3F9AF7F05A}.Debug|Any CPU.ActiveCfg = Debug|Any CPU
		{173130C5-17C7-4B9F-B84A-FB3F9AF7F05A}.Debug|Any CPU.Build.0 = Debug|Any CPU
		{173130C5-17C7-4B9F-B84A-FB3F9AF7F05A}.Release|Any CPU.ActiveCfg = Release|Any CPU
		{173130C5-17C7-4B9F-B84A-FB3F9AF7F05A}.Release|Any CPU.Build.0 = Release|Any CPU
	EndGlobalSection
	GlobalSection(SolutionProperties) = preSolution
		HideSolutionNode = FALSE
	EndGlobalSection
	GlobalSection(ExtensibilityGlobals) = postSolution
		SolutionGuid = {7B37DC77-A1CC-4CB5-8D3A-8BD8E7A23B4C}
	EndGlobalSection
EndGlobal
